Microsoft Visual Studio Solution File, Format Version 12.00
# Visual Studio Version 17
VisualStudioVersion = 17.5.2.0
MinimumVisualStudioVersion = 10.0.40219.1
Project("{FAE04EC0-301F-11D3-BF4B-00C04F79EFBC}") = "myhrapp", "myhrapp.csproj", "{FB45745C-5329-E3FB-50A3-5800F1F99248}"
EndProject
Global
	GlobalSection(SolutionConfigurationPlatforms) = preSolution
		Debug|Any CPU = Debug|Any CPU
		Release|Any CPU = Release|Any CPU
	EndGlobalSection
	GlobalSection(ProjectConfigurationPlatforms) = postSolution
		{FB45745C-5329-E3FB-50A3-5800F1F99248}.Debug|Any CPU.ActiveCfg = Debug|Any CPU
		{FB45745C-5329-E3FB-50A3-5800F1F99248}.Debug|Any CPU.Build.0 = Debug|Any CPU
		{FB45745C-5329-E3FB-50A3-5800F1F99248}.Release|Any CPU.ActiveCfg = Release|Any CPU
		{FB45745C-5329-E3FB-50A3-5800F1F99248}.Release|Any CPU.Build.0 = Release|Any CPU
	EndGlobalSection
	GlobalSection(SolutionProperties) = preSolution
		HideSolutionNode = FALSE
	EndGlobalSection
	GlobalSection(ExtensibilityGlobals) = postSolution
		SolutionGuid = {ACECC48A-CB4D-404E-BC8E-F5E65119C86C}
	EndGlobalSection
EndGlobal
